
Microsoft Visual Studio Solution File, Format Version 12.00
# Visual Studio 2013
VisualStudioVersion = 12.0.31101.0
MinimumVisualStudioVersion = 10.0.40219.1
Project("{8BC9CEB8-8B4A-11D0-8D11-00A0C91BC942}") = "my1stgame", "my1stgame\my1stgame.vcxproj", "{C31D46B1-5F08-4E90-BC31-736F36CAFAFE}"
EndProject
Project("{8BC9CEB8-8B4A-11D0-8D11-00A0C91BC942}") = "Bengine", "Bengine\Bengine.vcxproj", "{313112B1-EC1C-464A-8AAC-379AB28568BB}"
EndProject
Project("{8BC9CEB8-8B4A-11D0-8D11-00A0C91BC942}") = "ZombieGame", "ZombieGame\ZombieGame.vcxproj", "{C2BA3A40-3A1E-4E0C-B035-06FA3CD5FC1E}"
EndProject
Global
	GlobalSection(SolutionConfigurationPlatforms) = preSolution
		Debug|Win32 = Debug|Win32
		Release|Win32 = Release|Win32
	EndGlobalSection
	GlobalSection(ProjectConfigurationPlatforms) = postSolution
		{C31D46B1-5F08-4E90-BC31-736F36CAFAFE}.Debug|Win32.ActiveCfg = Debug|Win32
		{C31D46B1-5F08-4E90-BC31-736F36CAFAFE}.Debug|Win32.Build.0 = Debug|Win32
		{C31D46B1-5F08-4E90-BC31-736F36CAFAFE}.Release|Win32.ActiveCfg = Release|Win32
		{C31D46B1-5F08-4E90-BC31-736F36CAFAFE}.Release|Win32.Build.0 = Release|Win32
		{313112B1-EC1C-464A-8AAC-379AB28568BB}.Debug|Win32.ActiveCfg = Debug|Win32
		{313112B1-EC1C-464A-8AAC-379AB28568BB}.Debug|Win32.Build.0 = Debug|Win32
		{313112B1-EC1C-464A-8AAC-379AB28568BB}.Release|Win32.ActiveCfg = Release|Win32
		{313112B1-EC1C-464A-8AAC-379AB28568BB}.Release|Win32.Build.0 = Release|Win32
		{C2BA3A40-3A1E-4E0C-B035-06FA3CD5FC1E}.Debug|Win32.ActiveCfg = Debug|Win32
		{C2BA3A40-3A1E-4E0C-B035-06FA3CD5FC1E}.Debug|Win32.Build.0 = Debug|Win32
		{C2BA3A40-3A1E-4E0C-B035-06FA3CD5FC1E}.Release|Win32.ActiveCfg = Release|Win32
		{C2BA3A40-3A1E-4E0C-B035-06FA3CD5FC1E}.Release|Win32.Build.0 = Release|Win32
	EndGlobalSection
	GlobalSection(SolutionProperties) = preSolution
		HideSolutionNode = FALSE
	EndGlobalSection
EndGlobal
